PODS:
  - camera_avfoundation (0.0.1):
    - Flutter
  - Flutter (1.0.0)
  - flutter_identity_kyc (0.0.1):
    - Flutter
  - flutter_inappwebview (0.0.1):
    - Flutter
    - flutter_inappwebview/Core (= 0.0.1)
    - OrderedSet (~> 5.0)
  - flutter_inappwebview/Core (0.0.1):
    - Flutter
    - OrderedSet (~> 5.0)
  - OrderedSet (5.0.0)
  - permission_handler_apple (9.3.0):
    - Flutter

DEPENDENCIES:
  - camera_avfoundation (from `.symlinks/plugins/camera_avfoundation/ios`)
  - Flutter (from `Flutter`)
  - flutter_identity_kyc (from `.symlinks/plugins/flutter_identity_kyc/ios`)
  - flutter_inappwebview (from `.symlinks/plugins/flutter_inappwebview/ios`)
  - permission_handler_apple (from `.symlinks/plugins/permission_handler_apple/ios`)

SPEC REPOS:
  trunk:
    - OrderedSet

EXTERNAL SOURCES:
  camera_avfoundation:
    :path: ".symlinks/plugins/camera_avfoundation/ios"
  Flutter:
    :path: Flutter
  flutter_identity_kyc:
    :path: ".symlinks/plugins/flutter_identity_kyc/ios"
  flutter_inappwebview:
    :path: ".symlinks/plugins/flutter_inappwebview/ios"
  permission_handler_apple:
    :path: ".symlinks/plugins/permission_handler_apple/ios"

SPEC CHECKSUMS:
  camera_avfoundation: 759172d1a77ae7be0de08fc104cfb79738b8a59e
  Flutter: e0871f40cf51350855a761d2e70bf5af5b9b5de7
  flutter_identity_kyc: c1c5790c11a35241e8184663824f948ac8498682
  flutter_inappwebview: 3d32228f1304635e7c028b0d4252937730bbc6cf
  OrderedSet: aaeb196f7fef5a9edf55d89760da9176ad40b93c
  permission_handler_apple: 036b856153a2b1f61f21030ff725f3e6fece2b78

PODFILE CHECKSUM: bc834af114cefdffbfaf18aae0694258f484b003

COCOAPODS: 1.15.2
